
Microsoft Visual Studio Solution File, Format Version 12.00
# Visual Studio Version 17
VisualStudioVersion = 17.3.32929.385
MinimumVisualStudioVersion = 10.0.40219.1
Project("{2150E333-8FDC-42A3-9474-1A3956D46DE8}") = "Enterprise Business Rules", "Enterprise Business Rules", "{543837CC-EB47-4D7D-9D43-351DE1F1374F}"
EndProject
Project("{9A19103F-16F7-4668-BE54-9A1E7A4F7556}") = "VentaCasas.Entities", "src\VentaCasas.Entities\VentaCasas.Entities.csproj", "{99E9B2B7-B310-431D-B125-F1E2C9127DB4}"
EndProject
Project("{2150E333-8FDC-42A3-9474-1A3956D46DE8}") = "Interface Adapters", "Interface Adapters", "{A7A73BB0-6D21-4A19-ADE4-E1E9730D9097}"
EndProject
Project("{2150E333-8FDC-42A3-9474-1A3956D46DE8}") = "Gateways", "Gateways", "{1AAA19D1-41A5-4455-95D5-3140C17D946B}"
EndProject
Project("{9A19103F-16F7-4668-BE54-9A1E7A4F7556}") = "VentaCasas.Repository", "src\VentaCasas.Repository\VentaCasas.Repository.csproj", "{F8127ED2-0FFD-4343-85BE-2606A524AD3B}"
EndProject
Project("{2150E333-8FDC-42A3-9474-1A3956D46DE8}") = "Application Business Rules", "Application Business Rules", "{59612A68-7D9E-4EBE-A416-0CF13883F490}"
EndProject
Project("{9A19103F-16F7-4668-BE54-9A1E7A4F7556}") = "VentaCasas.DTOs", "src\VentaCasas.DTOs\VentaCasas.DTOs.csproj", "{628CDF20-0642-4A6B-A611-905891DBCE01}"
EndProject
Project("{9A19103F-16F7-4668-BE54-9A1E7A4F7556}") = "VentaCasas.UseCasesPorts", "src\VentaCasas.UseCasesPorts\VentaCasas.UseCasesPorts.csproj", "{A34A69E5-4414-4013-852E-CD3DC8D24D9F}"
EndProject
Project("{9A19103F-16F7-4668-BE54-9A1E7A4F7556}") = "VentaCasas.UseCases", "src\VentaCasas.UseCases\VentaCasas.UseCases.csproj", "{593DD404-E0A9-4476-BF53-9D75A049698C}"
EndProject
Project("{2150E333-8FDC-42A3-9474-1A3956D46DE8}") = "Presenters", "Presenters", "{B2D041CE-B1EA-4707-9FD5-C1CE22A0811B}"
EndProject
Project("{9A19103F-16F7-4668-BE54-9A1E7A4F7556}") = "VentaCasas.Presenters", "src\VentaCasas.Presenters\VentaCasas.Presenters.csproj", "{20CA9BF2-BC12-498F-8D43-1D83C3F54084}"
EndProject
Project("{9A19103F-16F7-4668-BE54-9A1E7A4F7556}") = "VentaCasas.Controllers", "src\VentaCasas.Controllers\VentaCasas.Controllers.csproj", "{690B72EF-5199-4E20-AEC5-71FF57280708}"
EndProject
Project("{2150E333-8FDC-42A3-9474-1A3956D46DE8}") = "Controllers", "Controllers", "{A99519B1-09C0-438F-9931-07CF5F95373A}"
EndProject
Project("{9A19103F-16F7-4668-BE54-9A1E7A4F7556}") = "VentaCasas.IoC", "src\VentaCasas.IoC\VentaCasas.IoC.csproj", "{A5100E2E-C19C-48DE-8129-5B9341A0ADFA}"
EndProject
Project("{2150E333-8FDC-42A3-9474-1A3956D46DE8}") = "Frameworks And Drivers", "Frameworks And Drivers", "{B3F4296B-DD56-49A4-8219-75188EA51A83}"
EndProject
Project("{2150E333-8FDC-42A3-9474-1A3956D46DE8}") = "UIs", "UIs", "{52D6A156-5631-48D7-9677-A1E03290AFD3}"
EndProject
Project("{9A19103F-16F7-4668-BE54-9A1E7A4F7556}") = "VentaCasas.Api", "src\VentaCasas.Api\VentaCasas.Api.csproj", "{1174205F-C026-49E8-9236-BC08721A6A59}"
EndProject
Project("{9A19103F-16F7-4668-BE54-9A1E7A4F7556}") = "VentaCasas.WebExceptions", "src\VentaCasas.WebExceptions\VentaCasas.WebExceptions.csproj", "{7680A513-4E56-48AF-A6C1-1AC62CF3E5F0}"
EndProject
Global
	GlobalSection(SolutionConfigurationPlatforms) = preSolution
		Debug|Any CPU = Debug|Any CPU
		Release|Any CPU = Release|Any CPU
	EndGlobalSection
	GlobalSection(ProjectConfigurationPlatforms) = postSolution
		{99E9B2B7-B310-431D-B125-F1E2C9127DB4}.Debug|Any CPU.ActiveCfg = Debug|Any CPU
		{99E9B2B7-B310-431D-B125-F1E2C9127DB4}.Debug|Any CPU.Build.0 = Debug|Any CPU
		{99E9B2B7-B310-431D-B125-F1E2C9127DB4}.Release|Any CPU.ActiveCfg = Release|Any CPU
		{99E9B2B7-B310-431D-B125-F1E2C9127DB4}.Release|Any CPU.Build.0 = Release|Any CPU
		{F8127ED2-0FFD-4343-85BE-2606A524AD3B}.Debug|Any CPU.ActiveCfg = Debug|Any CPU
		{F8127ED2-0FFD-4343-85BE-2606A524AD3B}.Debug|Any CPU.Build.0 = Debug|Any CPU
		{F8127ED2-0FFD-4343-85BE-2606A524AD3B}.Release|Any CPU.ActiveCfg = Release|Any CPU
		{F8127ED2-0FFD-4343-85BE-2606A524AD3B}.Release|Any CPU.Build.0 = Release|Any CPU
		{628CDF20-0642-4A6B-A611-905891DBCE01}.Debug|Any CPU.ActiveCfg = Debug|Any CPU
		{628CDF20-0642-4A6B-A611-905891DBCE01}.Debug|Any CPU.Build.0 = Debug|Any CPU
		{628CDF20-0642-4A6B-A611-905891DBCE01}.Release|Any CPU.ActiveCfg = Release|Any CPU
		{628CDF20-0642-4A6B-A611-905891DBCE01}.Release|Any CPU.Build.0 = Release|Any CPU
		{A34A69E5-4414-4013-852E-CD3DC8D24D9F}.Debug|Any CPU.ActiveCfg = Debug|Any CPU
		{A34A69E5-4414-4013-852E-CD3DC8D24D9F}.Debug|Any CPU.Build.0 = Debug|Any CPU
		{A34A69E5-4414-4013-852E-CD3DC8D24D9F}.Release|Any CPU.ActiveCfg = Release|Any CPU
		{A34A69E5-4414-4013-852E-CD3DC8D24D9F}.Release|Any CPU.Build.0 = Release|Any CPU
		{593DD404-E0A9-4476-BF53-9D75A049698C}.Debug|Any CPU.ActiveCfg = Debug|Any CPU
		{593DD404-E0A9-4476-BF53-9D75A049698C}.Debug|Any CPU.Build.0 = Debug|Any CPU
		{593DD404-E0A9-4476-BF53-9D75A049698C}.Release|Any CPU.ActiveCfg = Release|Any CPU
		{593DD404-E0A9-4476-BF53-9D75A049698C}.Release|Any CPU.Build.0 = Release|Any CPU
		{20CA9BF2-BC12-498F-8D43-1D83C3F54084}.Debug|Any CPU.ActiveCfg = Debug|Any CPU
		{20CA9BF2-BC12-498F-8D43-1D83C3F54084}.Debug|Any CPU.Build.0 = Debug|Any CPU
		{20CA9BF2-BC12-498F-8D43-1D83C3F54084}.Release|Any CPU.ActiveCfg = Release|Any CPU
		{20CA9BF2-BC12-498F-8D43-1D83C3F54084}.Release|Any CPU.Build.0 = Release|Any CPU
		{690B72EF-5199-4E20-AEC5-71FF57280708}.Debug|Any CPU.ActiveCfg = Debug|Any CPU
		{690B72EF-5199-4E20-AEC5-71FF57280708}.Debug|Any CPU.Build.0 = Debug|Any CPU
		{690B72EF-5199-4E20-AEC5-71FF57280708}.Release|Any CPU.ActiveCfg = Release|Any CPU
		{690B72EF-5199-4E20-AEC5-71FF57280708}.Release|Any CPU.Build.0 = Release|Any CPU
		{A5100E2E-C19C-48DE-8129-5B9341A0ADFA}.Debug|Any CPU.ActiveCfg = Debug|Any CPU
		{A5100E2E-C19C-48DE-8129-5B9341A0ADFA}.Debug|Any CPU.Build.0 = Debug|Any CPU
		{A5100E2E-C19C-48DE-8129-5B9341A0ADFA}.Release|Any CPU.ActiveCfg = Release|Any CPU
		{A5100E2E-C19C-48DE-8129-5B9341A0ADFA}.Release|Any CPU.Build.0 = Release|Any CPU
		{1174205F-C026-49E8-9236-BC08721A6A59}.Debug|Any CPU.ActiveCfg = Debug|Any CPU
		{1174205F-C026-49E8-9236-BC08721A6A59}.Debug|Any CPU.Build.0 = Debug|Any CPU
		{1174205F-C026-49E8-9236-BC08721A6A59}.Release|Any CPU.ActiveCfg = Release|Any CPU
		{1174205F-C026-49E8-9236-BC08721A6A59}.Release|Any CPU.Build.0 = Release|Any CPU
		{7680A513-4E56-48AF-A6C1-1AC62CF3E5F0}.Debug|Any CPU.ActiveCfg = Debug|Any CPU
		{7680A513-4E56-48AF-A6C1-1AC62CF3E5F0}.Debug|Any CPU.Build.0 = Debug|Any CPU
		{7680A513-4E56-48AF-A6C1-1AC62CF3E5F0}.Release|Any CPU.ActiveCfg = Release|Any CPU
		{7680A513-4E56-48AF-A6C1-1AC62CF3E5F0}.Release|Any CPU.Build.0 = Release|Any CPU
	EndGlobalSection
	GlobalSection(SolutionProperties) = preSolution
		HideSolutionNode = FALSE
	EndGlobalSection
	GlobalSection(NestedProjects) = preSolution
		{99E9B2B7-B310-431D-B125-F1E2C9127DB4} = {543837CC-EB47-4D7D-9D43-351DE1F1374F}
		{1AAA19D1-41A5-4455-95D5-3140C17D946B} = {A7A73BB0-6D21-4A19-ADE4-E1E9730D9097}
		{F8127ED2-0FFD-4343-85BE-2606A524AD3B} = {1AAA19D1-41A5-4455-95D5-3140C17D946B}
		{628CDF20-0642-4A6B-A611-905891DBCE01} = {59612A68-7D9E-4EBE-A416-0CF13883F490}
		{A34A69E5-4414-4013-852E-CD3DC8D24D9F} = {59612A68-7D9E-4EBE-A416-0CF13883F490}
		{593DD404-E0A9-4476-BF53-9D75A049698C} = {59612A68-7D9E-4EBE-A416-0CF13883F490}
		{B2D041CE-B1EA-4707-9FD5-C1CE22A0811B} = {A7A73BB0-6D21-4A19-ADE4-E1E9730D9097}
		{20CA9BF2-BC12-498F-8D43-1D83C3F54084} = {B2D041CE-B1EA-4707-9FD5-C1CE22A0811B}
		{690B72EF-5199-4E20-AEC5-71FF57280708} = {A99519B1-09C0-438F-9931-07CF5F95373A}
		{A99519B1-09C0-438F-9931-07CF5F95373A} = {A7A73BB0-6D21-4A19-ADE4-E1E9730D9097}
		{A5100E2E-C19C-48DE-8129-5B9341A0ADFA} = {1AAA19D1-41A5-4455-95D5-3140C17D946B}
		{52D6A156-5631-48D7-9677-A1E03290AFD3} = {B3F4296B-DD56-49A4-8219-75188EA51A83}
		{1174205F-C026-49E8-9236-BC08721A6A59} = {52D6A156-5631-48D7-9677-A1E03290AFD3}
		{7680A513-4E56-48AF-A6C1-1AC62CF3E5F0} = {B2D041CE-B1EA-4707-9FD5-C1CE22A0811B}
	EndGlobalSection
	GlobalSection(ExtensibilityGlobals) = postSolution
		SolutionGuid = {CABB83DE-7AA3-4761-9DB8-622E6858ECA6}
	EndGlobalSection
EndGlobal
